// !$*UTF8*$!
{
	archiveVersion = 1;
	classes = {
	};
	objectVersion = 56;
	objects = {

/* Begin PBXBuildFile section */
		D1EB55092AFBE6B000C73685 /* AppDelegate.swift in Sources */ = {isa = PBXBuildFile; fileRef = D1EB55082AFBE6B000C73685 /* AppDelegate.swift */; };
		D1EB550B2AFBE6B000C73685 /* SceneDelegate.swift in Sources */ = {isa = PBXBuildFile; fileRef = D1EB550A2AFBE6B000C73685 /* SceneDelegate.swift */; };
		D1EB55102AFBE6B000C73685 /* Main.storyboard in Resources */ = {isa = PBXBuildFile; fileRef = D1EB550E2AFBE6B000C73685 /* Main.storyboard */; };
		D1EB55122AFBE6B100C73685 /* Assets.xcassets in Resources */ = {isa = PBXBuildFile; fileRef = D1EB55112AFBE6B100C73685 /* Assets.xcassets */; };
		D1EB55152AFBE6B100C73685 /* LaunchScreen.storyboard in Resources */ = {isa = PBXBuildFile; fileRef = D1EB55132AFBE6B100C73685 /* LaunchScreen.storyboard */; };
		D1EB55202AFBE6B100C73685 /* ProyectoEmojiTests.swift in Sources */ = {isa = PBXBuildFile; fileRef = D1EB551F2AFBE6B100C73685 /* ProyectoEmojiTests.swift */; };
		D1EB552A2AFBE6B100C73685 /* ProyectoEmojiUITests.swift in Sources */ = {isa = PBXBuildFile; fileRef = D1EB55292AFBE6B100C73685 /* ProyectoEmojiUITests.swift */; };
		D1EB552C2AFBE6B100C73685 /* ProyectoEmojiUITestsLaunchTests.swift in Sources */ = {isa = PBXBuildFile; fileRef = D1EB552B2AFBE6B100C73685 /* ProyectoEmojiUITestsLaunchTests.swift */; };
		D1EB55392AFBE71100C73685 /* Emoji.swift in Sources */ = {isa = PBXBuildFile; fileRef = D1EB55382AFBE71100C73685 /* Emoji.swift */; };
		D1EB553B2AFBEA1300C73685 /* EmojiTableViewController.swift in Sources */ = {isa = PBXBuildFile; fileRef = D1EB553A2AFBEA1300C73685 /* EmojiTableViewController.swift */; };
/* End PBXBuildFile section */

/* Begin PBXContainerItemProxy section */
		D1EB551C2AFBE6B100C73685 /* PBXContainerItemProxy */ = {
			isa = PBXContainerItemProxy;
			containerPortal = D1EB54FD2AFBE6B000C73685 /* Project object */;
			proxyType = 1;
			remoteGlobalIDString = D1EB55042AFBE6B000C73685;
			remoteInfo = ProyectoEmoji;
		};
		D1EB55262AFBE6B100C73685 /* PBXContainerItemProxy */ = {
			isa = PBXContainerItemProxy;
			containerPortal = D1EB54FD2AFBE6B000C73685 /* Project object */;
			proxyType = 1;
			remoteGlobalIDString = D1EB55042AFBE6B000C73685;
			remoteInfo = ProyectoEmoji;
		};
/* End PBXContainerItemProxy section */

/* Begin PBXFileReference section */
		D1EB55052AFBE6B000C73685 /* ProyectoEmoji.app */ = {isa = PBXFileReference; explicitFileType = wrapper.application; includeInIndex = 0; path = ProyectoEmoji.app; sourceTree = BUILT_PRODUCTS_DIR; };
		D1EB55082AFBE6B000C73685 /* AppDelegate.swift */ = {isa = PBXFileReference; lastKnownFileType = sourcecode.swift; path = AppDelegate.swift; sourceTree = "<group>"; };
		D1EB550A2AFBE6B000C73685 /* SceneDelegate.swift */ = {isa = PBXFileReference; lastKnownFileType = sourcecode.swift; path = SceneDelegate.swift; sourceTree = "<group>"; };
		D1EB550F2AFBE6B000C73685 /* Base */ = {isa = PBXFileReference; lastKnownFileType = file.storyboard; name = Base; path = Base.lproj/Main.storyboard; sourceTree = "<group>"; };
		D1EB55112AFBE6B100C73685 /* Assets.xcassets */ = {isa = PBXFileReference; lastKnownFileType = folder.assetcatalog; path = Assets.xcassets; sourceTree = "<group>"; };
		D1EB55142AFBE6B100C73685 /* Base */ = {isa = PBXFileReference; lastKnownFileType = file.storyboard; name = Base; path = Base.lproj/LaunchScreen.storyboard; sourceTree = "<group>"; };
		D1EB55162AFBE6B100C73685 /* Info.plist */ = {isa = PBXFileReference; lastKnownFileType = text.plist.xml; path = Info.plist; sourceTree = "<group>"; };
		D1EB551B2AFBE6B100C73685 /* ProyectoEmojiTests.xctest */ = {isa = PBXFileReference; explicitFileType = wrapper.cfbundle; includeInIndex = 0; path = ProyectoEmojiTests.xctest; sourceTree = BUILT_PRODUCTS_DIR; };
		D1EB551F2AFBE6B100C73685 /* ProyectoEmojiTests.swift */ = {isa = PBXFileReference; lastKnownFileType = sourcecode.swift; path = ProyectoEmojiTests.swift; sourceTree = "<group>"; };
		D1EB55252AFBE6B100C73685 /* ProyectoEmojiUITests.xctest */ = {isa = PBXFileReference; explicitFileType = wrapper.cfbundle; includeInIndex = 0; path = ProyectoEmojiUITests.xctest; sourceTree = BUILT_PRODUCTS_DIR; };
		D1EB55292AFBE6B100C73685 /* ProyectoEmojiUITests.swift */ = {isa = PBXFileReference; lastKnownFileType = sourcecode.swift; path = ProyectoEmojiUITests.swift; sourceTree = "<group>"; };
		D1EB552B2AFBE6B100C73685 /* ProyectoEmojiUITestsLaunchTests.swift */ = {isa = PBXFileReference; lastKnownFileType = sourcecode.swift; path = ProyectoEmojiUITestsLaunchTests.swift; sourceTree = "<group>"; };
		D1EB55382AFBE71100C73685 /* Emoji.swift */ = {isa = PBXFileReference; lastKnownFileType = sourcecode.swift; path = Emoji.swift; sourceTree = "<group>"; };
		D1EB553A2AFBEA1300C73685 /* EmojiTableViewController.swift */ = {isa = PBXFileReference; lastKnownFileType = sourcecode.swift; path = EmojiTableViewController.swift; sourceTree = "<group>"; };
/* End PBXFileReference section */

/* Begin PBXFrameworksBuildPhase section */
		D1EB55022AFBE6B000C73685 /* Frameworks */ = {
			isa = PBXFrameworksBuildPhase;
			buildActionMask = 2147483647;
			files = (
			);
			runOnlyForDeploymentPostprocessing = 0;
		};
		D1EB55182AFBE6B100C73685 /* Frameworks */ = {
			isa = PBXFrameworksBuildPhase;
			buildActionMask = 2147483647;
			files = (
			);
			runOnlyForDeploymentPostprocessing = 0;
		};
		D1EB55222AFBE6B100C73685 /* Frameworks */ = {
			isa = PBXFrameworksBuildPhase;
			buildActionMask = 2147483647;
			files = (
			);
			runOnlyForDeploymentPostprocessing = 0;
		};
/* End PBXFrameworksBuildPhase section */

/* Begin PBXGroup section */
		D1EB54FC2AFBE6B000C73685 = {
			isa = PBXGroup;
			children = (
				D1EB55072AFBE6B000C73685 /* ProyectoEmoji */,
				D1EB551E2AFBE6B100C73685 /* ProyectoEmojiTests */,
				D1EB55282AFBE6B100C73685 /* ProyectoEmojiUITests */,
				D1EB55062AFBE6B000C73685 /* Products */,
			);
			sourceTree = "<group>";
		};
		D1EB55062AFBE6B000C73685 /* Products */ = {
			isa = PBXGroup;
			children = (
				D1EB55052AFBE6B000C73685 /* ProyectoEmoji.app */,
				D1EB551B2AFBE6B100C73685 /* ProyectoEmojiTests.xctest */,
				D1EB55252AFBE6B100C73685 /* ProyectoEmojiUITests.xctest */,
			);
			name = Products;
			sourceTree = "<group>";
		};
		D1EB55072AFBE6B000C73685 /* ProyectoEmoji */ = {
			isa = PBXGroup;
			children = (
				D1EB55082AFBE6B000C73685 /* AppDelegate.swift */,
				D1EB550A2AFBE6B000C73685 /* SceneDelegate.swift */,
				D1EB550E2AFBE6B000C73685 /* Main.storyboard */,
				D1EB55112AFBE6B100C73685 /* Assets.xcassets */,
				D1EB55132AFBE6B100C73685 /* LaunchScreen.storyboard */,
				D1EB55162AFBE6B100C73685 /* Info.plist */,
				D1EB55382AFBE71100C73685 /* Emoji.swift */,
				D1EB553A2AFBEA1300C73685 /* EmojiTableViewController.swift */,
			);
			path = ProyectoEmoji;
			sourceTree = "<group>";
		};
		D1EB551E2AFBE6B100C73685 /* ProyectoEmojiTests */ = {
			isa = PBXGroup;
			children = (
				D1EB551F2AFBE6B100C73685 /* ProyectoEmojiTests.swift */,
			);
			path = ProyectoEmojiTests;
			sourceTree = "<group>";
		};
		D1EB55282AFBE6B100C73685 /* ProyectoEmojiUITests */ = {
			isa = PBXGroup;
			children = (
				D1EB55292AFBE6B100C73685 /* ProyectoEmojiUITests.swift */,
				D1EB552B2AFBE6B100C73685 /* ProyectoEmojiUITestsLaunchTests.swift */,
			);
			path = ProyectoEmojiUITests;
			sourceTree = "<group>";
		};
/* End PBXGroup section */

/* Begin PBXNativeTarget section */
		D1EB55042AFBE6B000C73685 /* ProyectoEmoji */ = {
			isa = PBXNativeTarget;
			buildConfigurationList = D1EB552F2AFBE6B100C73685 /* Build configuration list for PBXNativeTarget "ProyectoEmoji" */;
			buildPhases = (
				D1EB55012AFBE6B000C73685 /* Sources */,
				D1EB55022AFBE6B000C73685 /* Frameworks */,
				D1EB55032AFBE6B000C73685 /* Resources */,
			);
			buildRules = (
			);
			dependencies = (
			);
			name = ProyectoEmoji;
			productName = ProyectoEmoji;
			productReference = D1EB55052AFBE6B000C73685 /* ProyectoEmoji.app */;
			productType = "com.apple.product-type.application";
		};
		D1EB551A2AFBE6B100C73685 /* ProyectoEmojiTests */ = {
			isa = PBXNativeTarget;
			buildConfigurationList = D1EB55322AFBE6B100C73685 /* Build configuration list for PBXNativeTarget "ProyectoEmojiTests" */;
			buildPhases = (
				D1EB55172AFBE6B100C73685 /* Sources */,
				D1EB55182AFBE6B100C73685 /* Frameworks */,
				D1EB55192AFBE6B100C73685 /* Resources */,
			);
			buildRules = (
			);
			dependencies = (
				D1EB551D2AFBE6B100C73685 /* PBXTargetDependency */,
			);
			name = ProyectoEmojiTests;
			productName = ProyectoEmojiTests;
			productReference = D1EB551B2AFBE6B100C73685 /* ProyectoEmojiTests.xctest */;
			productType = "com.apple.product-type.bundle.unit-test";
		};
		D1EB55242AFBE6B100C73685 /* ProyectoEmojiUITests */ = {
			isa = PBXNativeTarget;
			buildConfigurationList = D1EB55352AFBE6B100C73685 /* Build configuration list for PBXNativeTarget "ProyectoEmojiUITests" */;
			buildPhases = (
				D1EB55212AFBE6B100C73685 /* Sources */,
				D1EB55222AFBE6B100C73685 /* Frameworks */,
				D1EB55232AFBE6B100C73685 /* Resources */,
			);
			buildRules = (
			);
			dependencies = (
				D1EB55272AFBE6B100C73685 /* PBXTargetDependency */,
			);
			name = ProyectoEmojiUITests;
			productName = ProyectoEmojiUITests;
			productReference = D1EB55252AFBE6B100C73685 /* ProyectoEmojiUITests.xctest */;
			productType = "com.apple.product-type.bundle.ui-testing";
		};
/* End PBXNativeTarget section */

/* Begin PBXProject section */
		D1EB54FD2AFBE6B000C73685 /* Project object */ = {
			isa = PBXProject;
			attributes = {
				BuildIndependentTargetsInParallel = 1;
				LastSwiftUpdateCheck = 1430;
				LastUpgradeCheck = 1430;
				TargetAttributes = {
					D1EB55042AFBE6B000C73685 = {
						CreatedOnToolsVersion = 14.3.1;
					};
					D1EB551A2AFBE6B100C73685 = {
						CreatedOnToolsVersion = 14.3.1;
						TestTargetID = D1EB55042AFBE6B000C73685;
					};
					D1EB55242AFBE6B100C73685 = {
						CreatedOnToolsVersion = 14.3.1;
						TestTargetID = D1EB55042AFBE6B000C73685;
					};
				};
			};
			buildConfigurationList = D1EB55002AFBE6B000C73685 /* Build configuration list for PBXProject "ProyectoEmoji" */;
			compatibilityVersion = "Xcode 14.0";
			developmentRegion = en;
			hasScannedForEncodings = 0;
			knownRegions = (
				en,
				Base,
			);
			mainGroup = D1EB54FC2AFBE6B000C73685;
			productRefGroup = D1EB55062AFBE6B000C73685 /* Products */;
			projectDirPath = "";
			projectRoot = "";
			targets = (
				D1EB55042AFBE6B000C73685 /* ProyectoEmoji */,
				D1EB551A2AFBE6B100C73685 /* ProyectoEmojiTests */,
				D1EB55242AFBE6B100C73685 /* ProyectoEmojiUITests */,
			);
		};
/* End PBXProject section */

/* Begin PBXResourcesBuildPhase section */
		D1EB55032AFBE6B000C73685 /* Resources */ = {
			isa = PBXResourcesBuildPhase;
			buildActionMask = 2147483647;
			files = (
				D1EB55152AFBE6B100C73685 /* LaunchScreen.storyboard in Resources */,
				D1EB55122AFBE6B100C73685 /* Assets.xcassets in Resources */,
				D1EB55102AFBE6B000C73685 /* Main.storyboard in Resources */,
			);
			runOnlyForDeploymentPostprocessing = 0;
		};
		D1EB55192AFBE6B100C73685 /* Resources */ = {
			isa = PBXResourcesBuildPhase;
			buildActionMask = 2147483647;
			files = (
			);
			runOnlyForDeploymentPostprocessing = 0;
		};
		D1EB55232AFBE6B100C73685 /* Resources */ = {
			isa = PBXResourcesBuildPhase;
			buildActionMask = 2147483647;
			files = (
			);
			runOnlyForDeploymentPostprocessing = 0;
		};
/* End PBXResourcesBuildPhase section */

/* Begin PBXSourcesBuildPhase section */
		D1EB55012AFBE6B000C73685 /* Sources */ = {
			isa = PBXSourcesBuildPhase;
			buildActionMask = 2147483647;
			files = (
				D1EB553B2AFBEA1300C73685 /* EmojiTableViewController.swift in Sources */,
				D1EB55092AFBE6B000C73685 /* AppDelegate.swift in Sources */,
				D1EB55392AFBE71100C73685 /* Emoji.swift in Sources */,
				D1EB550B2AFBE6B000C73685 /* SceneDelegate.swift in Sources */,
			);
			runOnlyForDeploymentPostprocessing = 0;
		};
		D1EB55172AFBE6B100C73685 /* Sources */ = {
			isa = PBXSourcesBuildPhase;
			buildActionMask = 2147483647;
			files = (
				D1EB55202AFBE6B100C73685 /* ProyectoEmojiTests.swift in Sources */,
			);
			runOnlyForDeploymentPostprocessing = 0;
		};
		D1EB55212AFBE6B100C73685 /* Sources */ = {
			isa = PBXSourcesBuildPhase;
			buildActionMask = 2147483647;
			files = (
				D1EB552C2AFBE6B100C73685 /* ProyectoEmojiUITestsLaunchTests.swift in Sources */,
				D1EB552A2AFBE6B100C73685 /* ProyectoEmojiUITests.swift in Sources */,
			);
			runOnlyForDeploymentPostprocessing = 0;
		};
/* End PBXSourcesBuildPhase section */

/* Begin PBXTargetDependency section */
		D1EB551D2AFBE6B100C73685 /* PBXTargetDependency */ = {
			isa = PBXTargetDependency;
			target = D1EB55042AFBE6B000C73685 /* ProyectoEmoji */;
			targetProxy = D1EB551C2AFBE6B100C73685 /* PBXContainerItemProxy */;
		};
		D1EB55272AFBE6B100C73685 /* PBXTargetDependency */ = {
			isa = PBXTargetDependency;
			target = D1EB55042AFBE6B000C73685 /* ProyectoEmoji */;
			targetProxy = D1EB55262AFBE6B100C73685 /* PBXContainerItemProxy */;
		};
/* End PBXTargetDependency section */

/* Begin PBXVariantGroup section */
		D1EB550E2AFBE6B000C73685 /* Main.storyboard */ = {
			isa = PBXVariantGroup;
			children = (
				D1EB550F2AFBE6B000C73685 /* Base */,
			);
			name = Main.storyboard;
			sourceTree = "<group>";
		};
		D1EB55132AFBE6B100C73685 /* LaunchScreen.storyboard */ = {
			isa = PBXVariantGroup;
			children = (
				D1EB55142AFBE6B100C73685 /* Base */,
			);
			name = LaunchScreen.storyboard;
			sourceTree = "<group>";
		};
/* End PBXVariantGroup section */

/* Begin XCBuildConfiguration section */
		D1EB552D2AFBE6B100C73685 /* Debug */ = {
			isa = XCBuildConfiguration;
			buildSettings = {
				ALWAYS_SEARCH_USER_PATHS = NO;
				CLANG_ANALYZER_NONNULL = YES;
				CLANG_ANALYZER_NUMBER_OBJECT_CONVERSION = YES_AGGRESSIVE;
				CLANG_CXX_LANGUAGE_STANDARD = "gnu++20";
				CLANG_ENABLE_MODULES = YES;
				CLANG_ENABLE_OBJC_ARC = YES;
				CLANG_ENABLE_OBJC_WEAK = YES;
				CLANG_WARN_BLOCK_CAPTURE_AUTORELEASING = YES;
				CLANG_WARN_BOOL_CONVERSION = YES;
				CLANG_WARN_COMMA = YES;
				CLANG_WARN_CONSTANT_CONVERSION = YES;
				CLANG_WARN_DEPRECATED_OBJC_IMPLEMENTATIONS = YES;
				CLANG_WARN_DIRECT_OBJC_ISA_USAGE = YES_ERROR;
				CLANG_WARN_DOCUMENTATION_COMMENTS = YES;
				CLANG_WARN_EMPTY_BODY = YES;
				CLANG_WARN_ENUM_CONVERSION = YES;
				CLANG_WARN_INFINITE_RECURSION = YES;
				CLANG_WARN_INT_CONVERSION = YES;
				CLANG_WARN_NON_LITERAL_NULL_CONVERSION = YES;
				CLANG_WARN_OBJC_IMPLICIT_RETAIN_SELF = YES;
				CLANG_WARN_OBJC_LITERAL_CONVERSION = YES;
				CLANG_WARN_OBJC_ROOT_CLASS = YES_ERROR;
				CLANG_WARN_QUOTED_INCLUDE_IN_FRAMEWORK_HEADER = YES;
				CLANG_WARN_RANGE_LOOP_ANALYSIS = YES;
				CLANG_WARN_STRICT_PROTOTYPES = YES;
				CLANG_WARN_SUSPICIOUS_MOVE = YES;
				CLANG_WARN_UNGUARDED_AVAILABILITY = YES_AGGRESSIVE;
				CLANG_WARN_UNREACHABLE_CODE = YES;
				CLANG_WARN__DUPLICATE_METHOD_MATCH = YES;
				COPY_PHASE_STRIP = NO;
				DEBUG_INFORMATION_FORMAT = dwarf;
				ENABLE_STRICT_OBJC_MSGSEND = YES;
				ENABLE_TESTABILITY = YES;
				GCC_C_LANGUAGE_STANDARD = gnu11;
				GCC_DYNAMIC_NO_PIC = NO;
				GCC_NO_COMMON_BLOCKS = YES;
				GCC_OPTIMIZATION_LEVEL = 0;
				GCC_PREPROCESSOR_DEFINITIONS = (
					"DEBUG=1",
					"$(inherited)",
				);
				GCC_WARN_64_TO_32_BIT_CONVERSION = YES;
				GCC_WARN_ABOUT_RETURN_TYPE = YES_ERROR;
				GCC_WARN_UNDECLARED_SELECTOR = YES;
				GCC_WARN_UNINITIALIZED_AUTOS = YES_AGGRESSIVE;
				GCC_WARN_UNUSED_FUNCTION = YES;
				GCC_WARN_UNUSED_VARIABLE = YES;
				IPHONEOS_DEPLOYMENT_TARGET = 16.4;
				MTL_ENABLE_DEBUG_INFO = INCLUDE_SOURCE;
				MTL_FAST_MATH = YES;
				ONLY_ACTIVE_ARCH = YES;
				SDKROOT = iphoneos;
				SWIFT_ACTIVE_COMPILATION_CONDITIONS = DEBUG;
				SWIFT_OPTIMIZATION_LEVEL = "-Onone";
			};
			name = Debug;
		};
		D1EB552E2AFBE6B100C73685 /* Release */ = {
			isa = XCBuildConfiguration;
			buildSettings = {
				ALWAYS_SEARCH_USER_PATHS = NO;
				CLANG_ANALYZER_NONNULL = YES;
				CLANG_ANALYZER_NUMBER_OBJECT_CONVERSION = YES_AGGRESSIVE;
				CLANG_CXX_LANGUAGE_STANDARD = "gnu++20";
				CLANG_ENABLE_MODULES = YES;
				CLANG_ENABLE_OBJC_ARC = YES;
				CLANG_ENABLE_OBJC_WEAK = YES;
				CLANG_WARN_BLOCK_CAPTURE_AUTORELEASING = YES;
				CLANG_WARN_BOOL_CONVERSION = YES;
				CLANG_WARN_COMMA = YES;
				CLANG_WARN_CONSTANT_CONVERSION = YES;
				CLANG_WARN_DEPRECATED_OBJC_IMPLEMENTATIONS = YES;
				CLANG_WARN_DIRECT_OBJC_ISA_USAGE = YES_ERROR;
				CLANG_WARN_DOCUMENTATION_COMMENTS = YES;
				CLANG_WARN_EMPTY_BODY = YES;
				CLANG_WARN_ENUM_CONVERSION = YES;
				CLANG_WARN_INFINITE_RECURSION = YES;
				CLANG_WARN_INT_CONVERSION = YES;
				CLANG_WARN_NON_LITERAL_NULL_CONVERSION = YES;
				CLANG_WARN_OBJC_IMPLICIT_RETAIN_SELF = YES;
				CLANG_WARN_OBJC_LITERAL_CONVERSION = YES;
				CLANG_WARN_OBJC_ROOT_CLASS = YES_ERROR;
				CLANG_WARN_QUOTED_INCLUDE_IN_FRAMEWORK_HEADER = YES;
				CLANG_WARN_RANGE_LOOP_ANALYSIS = YES;
				CLANG_WARN_STRICT_PROTOTYPES = YES;
				CLANG_WARN_SUSPICIOUS_MOVE = YES;
				CLANG_WARN_UNGUARDED_AVAILABILITY = YES_AGGRESSIVE;
				CLANG_WARN_UNREACHABLE_CODE = YES;
				CLANG_WARN__DUPLICATE_METHOD_MATCH = YES;
				COPY_PHASE_STRIP = NO;
				DEBUG_INFORMATION_FORMAT = "dwarf-with-dsym";
				ENABLE_NS_ASSERTIONS = NO;
				ENABLE_STRICT_OBJC_MSGSEND = YES;
				GCC_C_LANGUAGE_STANDARD = gnu11;
				GCC_NO_COMMON_BLOCKS = YES;
				GCC_WARN_64_TO_32_BIT_CONVERSION = YES;
				GCC_WARN_ABOUT_RETURN_TYPE = YES_ERROR;
				GCC_WARN_UNDECLARED_SELECTOR = YES;
				GCC_WARN_UNINITIALIZED_AUTOS = YES_AGGRESSIVE;
				GCC_WARN_UNUSED_FUNCTION = YES;
				GCC_WARN_UNUSED_VARIABLE = YES;
				IPHONEOS_DEPLOYMENT_TARGET = 16.4;
				MTL_ENABLE_DEBUG_INFO = NO;
				MTL_FAST_MATH = YES;
				SDKROOT = iphoneos;
				SWIFT_COMPILATION_MODE = wholemodule;
				SWIFT_OPTIMIZATION_LEVEL = "-O";
				VALIDATE_PRODUCT = YES;
			};
			name = Release;
		};
		D1EB55302AFBE6B100C73685 /* Debug */ = {
			isa = XCBuildConfiguration;
			buildSettings = {
				ASSETCATALOG_COMPILER_APPICON_NAME = AppIcon;
				ASSETCATALOG_COMPILER_GLOBAL_ACCENT_COLOR_NAME = AccentColor;
				CODE_SIGN_STYLE = Automatic;
				CURRENT_PROJECT_VERSION = 1;
				GENERATE_INFOPLIST_FILE = YES;
				INFOPLIST_FILE = ProyectoEmoji/Info.plist;
				INFOPLIST_KEY_UIApplicationSupportsIndirectInputEvents = YES;
				INFOPLIST_KEY_UILaunchStoryboardName = LaunchScreen;
				INFOPLIST_KEY_UIMainStoryboardFile = Main;
				INFOPLIST_KEY_UISupportedInterfaceOrientations_iPad = "UIInterfaceOrientationPortrait UIInterfaceOrientationPortraitUpsideDown UIInterfaceOrientationLandscapeLeft UIInterfaceOrientationLandscapeRight";
				INFOPLIST_KEY_UISupportedInterfaceOrientations_iPhone = "UIInterfaceOrientationPortrait UIInterfaceOrientationLandscapeLeft UIInterfaceOrientationLandscapeRight";
				LD_RUNPATH_SEARCH_PATHS = (
					"$(inherited)",
					"@executable_path/Frameworks",
				);
				MARKETING_VERSION = 1.0;
				PRODUCT_BUNDLE_IDENTIFIER = mx.universidad.edu.ProyectoEmoji;
				PRODUCT_NAME = "$(TARGET_NAME)";
				SWIFT_EMIT_LOC_STRINGS = YES;
				SWIFT_VERSION = 5.0;
				TARGETED_DEVICE_FAMILY = "1,2";
			};
			name = Debug;
		};
		D1EB55312AFBE6B100C73685 /* Release */ = {
			isa = XCBuildConfiguration;
			buildSettings = {
				ASSETCATALOG_COMPILER_APPICON_NAME = AppIcon;
				ASSETCATALOG_COMPILER_GLOBAL_ACCENT_COLOR_NAME = AccentColor;
				CODE_SIGN_STYLE = Automatic;
				CURRENT_PROJECT_VERSION = 1;
				GENERATE_INFOPLIST_FILE = YES;
				INFOPLIST_FILE = ProyectoEmoji/Info.plist;
				INFOPLIST_KEY_UIApplicationSupportsIndirectInputEvents = YES;
				INFOPLIST_KEY_UILaunchStoryboardName = LaunchScreen;
				INFOPLIST_KEY_UIMainStoryboardFile = Main;
				INFOPLIST_KEY_UISupportedInterfaceOrientations_iPad = "UIInterfaceOrientationPortrait UIInterfaceOrientationPortraitUpsideDown UIInterfaceOrientationLandscapeLeft UIInterfaceOrientationLandscapeRight";
				INFOPLIST_KEY_UISupportedInterfaceOrientations_iPhone = "UIInterfaceOrientationPortrait UIInterfaceOrientationLandscapeLeft UIInterfaceOrientationLandscapeRight";
				LD_RUNPATH_SEARCH_PATHS = (
					"$(inherited)",
					"@executable_path/Frameworks",
				);
				MARKETING_VERSION = 1.0;
				PRODUCT_BUNDLE_IDENTIFIER = mx.universidad.edu.ProyectoEmoji;
				PRODUCT_NAME = "$(TARGET_NAME)";
				SWIFT_EMIT_LOC_STRINGS = YES;
				SWIFT_VERSION = 5.0;
				TARGETED_DEVICE_FAMILY = "1,2";
			};
			name = Release;
		};
		D1EB55332AFBE6B100C73685 /* Debug */ = {
			isa = XCBuildConfiguration;
			buildSettings = {
				ALWAYS_EMBED_SWIFT_STANDARD_LIBRARIES = YES;
				BUNDLE_LOADER = "$(TEST_HOST)";
				CODE_SIGN_STYLE = Automatic;
				CURRENT_PROJECT_VERSION = 1;
				GENERATE_INFOPLIST_FILE = YES;
				IPHONEOS_DEPLOYMENT_TARGET = 16.4;
				MARKETING_VERSION = 1.0;
				PRODUCT_BUNDLE_IDENTIFIER = mx.universidad.edu.ProyectoEmojiTests;
				PRODUCT_NAME = "$(TARGET_NAME)";
				SWIFT_EMIT_LOC_STRINGS = NO;
				SWIFT_VERSION = 5.0;
				TARGETED_DEVICE_FAMILY = "1,2";
				TEST_HOST = "$(BUILT_PRODUCTS_DIR)/ProyectoEmoji.app/$(BUNDLE_EXECUTABLE_FOLDER_PATH)/ProyectoEmoji";
			};
			name = Debug;
		};
		D1EB55342AFBE6B100C73685 /* Release */ = {
			isa = XCBuildConfiguration;
			buildSettings = {
				ALWAYS_EMBED_SWIFT_STANDARD_LIBRARIES = YES;
				BUNDLE_LOADER = "$(TEST_HOST)";
				CODE_SIGN_STYLE = Automatic;
				CURRENT_PROJECT_VERSION = 1;
				GENERATE_INFOPLIST_FILE = YES;
				IPHONEOS_DEPLOYMENT_TARGET = 16.4;
				MARKETING_VERSION = 1.0;
				PRODUCT_BUNDLE_IDENTIFIER = mx.universidad.edu.ProyectoEmojiTests;
				PRODUCT_NAME = "$(TARGET_NAME)";
				SWIFT_EMIT_LOC_STRINGS = NO;
				SWIFT_VERSION = 5.0;
				TARGETED_DEVICE_FAMILY = "1,2";
				TEST_HOST = "$(BUILT_PRODUCTS_DIR)/ProyectoEmoji.app/$(BUNDLE_EXECUTABLE_FOLDER_PATH)/ProyectoEmoji";
			};
			name = Release;
		};
		D1EB55362AFBE6B100C73685 /* Debug */ = {
			isa = XCBuildConfiguration;
			buildSettings = {
				ALWAYS_EMBED_SWIFT_STANDARD_LIBRARIES = YES;
				CODE_SIGN_STYLE = Automatic;
				CURRENT_PROJECT_VERSION = 1;
				GENERATE_INFOPLIST_FILE = YES;
				MARKETING_VERSION = 1.0;
				PRODUCT_BUNDLE_IDENTIFIER = mx.universidad.edu.ProyectoEmojiUITests;
				PRODUCT_NAME = "$(TARGET_NAME)";
				SWIFT_EMIT_LOC_STRINGS = NO;
				SWIFT_VERSION = 5.0;
				TARGETED_DEVICE_FAMILY = "1,2";
				TEST_TARGET_NAME = ProyectoEmoji;
			};
			name = Debug;
		};
		D1EB55372AFBE6B100C73685 /* Release */ = {
			isa = XCBuildConfiguration;
			buildSettings = {
				ALWAYS_EMBED_SWIFT_STANDARD_LIBRARIES = YES;
				CODE_SIGN_STYLE = Automatic;
				CURRENT_PROJECT_VERSION = 1;
				GENERATE_INFOPLIST_FILE = YES;
				MARKETING_VERSION = 1.0;
				PRODUCT_BUNDLE_IDENTIFIER = mx.universidad.edu.ProyectoEmojiUITests;
				PRODUCT_NAME = "$(TARGET_NAME)";
				SWIFT_EMIT_LOC_STRINGS = NO;
				SWIFT_VERSION = 5.0;
				TARGETED_DEVICE_FAMILY = "1,2";
				TEST_TARGET_NAME = ProyectoEmoji;
			};
			name = Release;
		};
/* End XCBuildConfiguration section */

/* Begin XCConfigurationList section */
		D1EB55002AFBE6B000C73685 /* Build configuration list for PBXProject "ProyectoEmoji" */ = {
			isa = XCConfigurationList;
			buildConfigurations = (
				D1EB552D2AFBE6B100C73685 /* Debug */,
				D1EB552E2AFBE6B100C73685 /* Release */,
			);
			defaultConfigurationIsVisible = 0;
			defaultConfigurationName = Release;
		};
		D1EB552F2AFBE6B100C73685 /* Build configuration list for PBXNativeTarget "ProyectoEmoji" */ = {
			isa = XCConfigurationList;
			buildConfigurations = (
				D1EB55302AFBE6B100C73685 /* Debug */,
				D1EB55312AFBE6B100C73685 /* Release */,
			);
			defaultConfigurationIsVisible = 0;
			defaultConfigurationName = Release;
		};
		D1EB55322AFBE6B100C73685 /* Build configuration list for PBXNativeTarget "ProyectoEmojiTests" */ = {
			isa = XCConfigurationList;
			buildConfigurations = (
				D1EB55332AFBE6B100C73685 /* Debug */,
				D1EB55342AFBE6B100C73685 /* Release */,
			);
			defaultConfigurationIsVisible = 0;
			defaultConfigurationName = Release;
		};
		D1EB55352AFBE6B100C73685 /* Build configuration list for PBXNativeTarget "ProyectoEmojiUITests" */ = {
			isa = XCConfigurationList;
			buildConfigurations = (
				D1EB55362AFBE6B100C73685 /* Debug */,
				D1EB55372AFBE6B100C73685 /* Release */,
			);
			defaultConfigurationIsVisible = 0;
			defaultConfigurationName = Release;
		};
/* End XCConfigurationList section */
	};
	rootObject = D1EB54FD2AFBE6B000C73685 /* Project object */;
}
